
Microsoft Visual Studio Solution File, Format Version 12.00
# Visual Studio Version 16
VisualStudioVersion = 16.0.30804.86
MinimumVisualStudioVersion = 10.0.40219.1
Project("{9A19103F-16F7-4668-BE54-9A1E7A4F7556}") = "FCT", "FCT\FCT.csproj", "{A8DECDFC-D8B4-4809-A18F-8AFCDE4F8845}"
EndProject
Project("{FAE04EC0-301F-11D3-BF4B-00C04F79EFBC}") = "UnitTestingFCT.Tests", "UnitTestingFCT.Tests\UnitTestingFCT.Tests.csproj", "{E19F65C9-E9C5-43D6-8CD6-AEE2C0170CA5}"
EndProject
Global
	GlobalSection(SolutionConfigurationPlatforms) = preSolution
		Debug|Any CPU = Debug|Any CPU
		Release|Any CPU = Release|Any CPU
	EndGlobalSection
	GlobalSection(ProjectConfigurationPlatforms) = postSolution
		{A8DECDFC-D8B4-4809-A18F-8AFCDE4F8845}.Debug|Any CPU.ActiveCfg = Debug|Any CPU
		{A8DECDFC-D8B4-4809-A18F-8AFCDE4F8845}.Debug|Any CPU.Build.0 = Debug|Any CPU
		{A8DECDFC-D8B4-4809-A18F-8AFCDE4F8845}.Release|Any CPU.ActiveCfg = Release|Any CPU
		{A8DECDFC-D8B4-4809-A18F-8AFCDE4F8845}.Release|Any CPU.Build.0 = Release|Any CPU
		{E19F65C9-E9C5-43D6-8CD6-AEE2C0170CA5}.Debug|Any CPU.ActiveCfg = Debug|Any CPU
		{E19F65C9-E9C5-43D6-8CD6-AEE2C0170CA5}.Debug|Any CPU.Build.0 = Debug|Any CPU
		{E19F65C9-E9C5-43D6-8CD6-AEE2C0170CA5}.Release|Any CPU.ActiveCfg = Release|Any CPU
		{E19F65C9-E9C5-43D6-8CD6-AEE2C0170CA5}.Release|Any CPU.Build.0 = Release|Any CPU
	EndGlobalSection
	GlobalSection(SolutionProperties) = preSolution
		HideSolutionNode = FALSE
	EndGlobalSection
	GlobalSection(ExtensibilityGlobals) = postSolution
		SolutionGuid = {75C956A2-4A01-41C1-865D-F59502D8FB50}
	EndGlobalSection
EndGlobal
